// !$*UTF8*$!
{
	archiveVersion = 1;
	classes = {
	};
	objectVersion = 48;
	objects = {

/* Begin PBXBuildFile section */
		A763432D1FD4C88500F0000F /* AppDelegate.swift in Sources */ = {isa = PBXBuildFile; fileRef = A763432C1FD4C88500F0000F /* AppDelegate.swift */; };
		A763432F1FD4C88500F0000F /* ViewController.swift in Sources */ = {isa = PBXBuildFile; fileRef = A763432E1FD4C88500F0000F /* ViewController.swift */; };
		A76343321FD4C88500F0000F /* Main.storyboard in Resources */ = {isa = PBXBuildFile; fileRef = A76343301FD4C88500F0000F /* Main.storyboard */; };
		A76343351FD4C88500F0000F /* ImageWhisper.xcdatamodeld in Sources */ = {isa = PBXBuildFile; fileRef = A76343331FD4C88500F0000F /* ImageWhisper.xcdatamodeld */; };
		A76343371FD4C88500F0000F /* Assets.xcassets in Resources */ = {isa = PBXBuildFile; fileRef = A76343361FD4C88500F0000F /* Assets.xcassets */; };
		A763433A1FD4C88500F0000F /* LaunchScreen.storyboard in Resources */ = {isa = PBXBuildFile; fileRef = A76343381FD4C88500F0000F /* LaunchScreen.storyboard */; };
		A76343451FD4C88500F0000F /* ImageWhisperTests.swift in Sources */ = {isa = PBXBuildFile; fileRef = A76343441FD4C88500F0000F /* ImageWhisperTests.swift */; };
		A76343501FD4C88500F0000F /* ImageWhisperUITests.swift in Sources */ = {isa = PBXBuildFile; fileRef = A763434F1FD4C88500F0000F /* ImageWhisperUITests.swift */; };
/* End PBXBuildFile section */

/* Begin PBXContainerItemProxy section */
		A76343411FD4C88500F0000F /* PBXContainerItemProxy */ = {
			isa = PBXContainerItemProxy;
			containerPortal = A76343211FD4C88500F0000F /* Project object */;
			proxyType = 1;
			remoteGlobalIDString = A76343281FD4C88500F0000F;
			remoteInfo = ImageWhisper;
		};
		A763434C1FD4C88500F0000F /* PBXContainerItemProxy */ = {
			isa = PBXContainerItemProxy;
			containerPortal = A76343211FD4C88500F0000F /* Project object */;
			proxyType = 1;
			remoteGlobalIDString = A76343281FD4C88500F0000F;
			remoteInfo = ImageWhisper;
		};
/* End PBXContainerItemProxy section */

/* Begin PBXFileReference section */
		A76343291FD4C88500F0000F /* ImageWhisper.app */ = {isa = PBXFileReference; explicitFileType = wrapper.application; includeInIndex = 0; path = ImageWhisper.app; sourceTree = BUILT_PRODUCTS_DIR; };
		A763432C1FD4C88500F0000F /* AppDelegate.swift */ = {isa = PBXFileReference; lastKnownFileType = sourcecode.swift; path = AppDelegate.swift; sourceTree = "<group>"; };
		A763432E1FD4C88500F0000F /* ViewController.swift */ = {isa = PBXFileReference; lastKnownFileType = sourcecode.swift; path = ViewController.swift; sourceTree = "<group>"; };
		A76343311FD4C88500F0000F /* Base */ = {isa = PBXFileReference; lastKnownFileType = file.storyboard; name = Base; path = Base.lproj/Main.storyboard; sourceTree = "<group>"; };
		A76343341FD4C88500F0000F /* ImageWhisper.xcdatamodel */ = {isa = PBXFileReference; lastKnownFileType = wrapper.xcdatamodel; path = ImageWhisper.xcdatamodel; sourceTree = "<group>"; };
		A76343361FD4C88500F0000F /* Assets.xcassets */ = {isa = PBXFileReference; lastKnownFileType = folder.assetcatalog; path = Assets.xcassets; sourceTree = "<group>"; };
		A76343391FD4C88500F0000F /* Base */ = {isa = PBXFileReference; lastKnownFileType = file.storyboard; name = Base; path = Base.lproj/LaunchScreen.storyboard; sourceTree = "<group>"; };
		A763433B1FD4C88500F0000F /* Info.plist */ = {isa = PBXFileReference; lastKnownFileType = text.plist.xml; path = Info.plist; sourceTree = "<group>"; };
		A76343401FD4C88500F0000F /* ImageWhisperTests.xctest */ = {isa = PBXFileReference; explicitFileType = wrapper.cfbundle; includeInIndex = 0; path = ImageWhisperTests.xctest; sourceTree = BUILT_PRODUCTS_DIR; };
		A76343441FD4C88500F0000F /* ImageWhisperTests.swift */ = {isa = PBXFileReference; lastKnownFileType = sourcecode.swift; path = ImageWhisperTests.swift; sourceTree = "<group>"; };
		A76343461FD4C88500F0000F /* Info.plist */ = {isa = PBXFileReference; lastKnownFileType = text.plist.xml; path = Info.plist; sourceTree = "<group>"; };
		A763434B1FD4C88500F0000F /* ImageWhisperUITests.xctest */ = {isa = PBXFileReference; explicitFileType = wrapper.cfbundle; includeInIndex = 0; path = ImageWhisperUITests.xctest; sourceTree = BUILT_PRODUCTS_DIR; };
		A763434F1FD4C88500F0000F /* ImageWhisperUITests.swift */ = {isa = PBXFileReference; lastKnownFileType = sourcecode.swift; path = ImageWhisperUITests.swift; sourceTree = "<group>"; };
		A76343511FD4C88500F0000F /* Info.plist */ = {isa = PBXFileReference; lastKnownFileType = text.plist.xml; path = Info.plist; sourceTree = "<group>"; };
/* End PBXFileReference section */

/* Begin PBXFrameworksBuildPhase section */
		A76343261FD4C88500F0000F /* Frameworks */ = {
			isa = PBXFrameworksBuildPhase;
			buildActionMask = 2147483647;
			files = (
			);
			runOnlyForDeploymentPostprocessing = 0;
		};
		A763433D1FD4C88500F0000F /* Frameworks */ = {
			isa = PBXFrameworksBuildPhase;
			buildActionMask = 2147483647;
			files = (
			);
			runOnlyForDeploymentPostprocessing = 0;
		};
		A76343481FD4C88500F0000F /* Frameworks */ = {
			isa = PBXFrameworksBuildPhase;
			buildActionMask = 2147483647;
			files = (
			);
			runOnlyForDeploymentPostprocessing = 0;
		};
/* End PBXFrameworksBuildPhase section */

/* Begin PBXGroup section */
		A76343201FD4C88500F0000F = {
			isa = PBXGroup;
			children = (
				A763432B1FD4C88500F0000F /* ImageWhisper */,
				A76343431FD4C88500F0000F /* ImageWhisperTests */,
				A763434E1FD4C88500F0000F /* ImageWhisperUITests */,
				A763432A1FD4C88500F0000F /* Products */,
			);
			sourceTree = "<group>";
		};
		A763432A1FD4C88500F0000F /* Products */ = {
			isa = PBXGroup;
			children = (
				A76343291FD4C88500F0000F /* ImageWhisper.app */,
				A76343401FD4C88500F0000F /* ImageWhisperTests.xctest */,
				A763434B1FD4C88500F0000F /* ImageWhisperUITests.xctest */,
			);
			name = Products;
			sourceTree = "<group>";
		};
		A763432B1FD4C88500F0000F /* ImageWhisper */ = {
			isa = PBXGroup;
			children = (
				A763432C1FD4C88500F0000F /* AppDelegate.swift */,
				A763432E1FD4C88500F0000F /* ViewController.swift */,
				A76343301FD4C88500F0000F /* Main.storyboard */,
				A76343361FD4C88500F0000F /* Assets.xcassets */,
				A76343381FD4C88500F0000F /* LaunchScreen.storyboard */,
				A763433B1FD4C88500F0000F /* Info.plist */,
				A76343331FD4C88500F0000F /* ImageWhisper.xcdatamodeld */,
			);
			path = ImageWhisper;
			sourceTree = "<group>";
		};
		A76343431FD4C88500F0000F /* ImageWhisperTests */ = {
			isa = PBXGroup;
			children = (
				A76343441FD4C88500F0000F /* ImageWhisperTests.swift */,
				A76343461FD4C88500F0000F /* Info.plist */,
			);
			path = ImageWhisperTests;
			sourceTree = "<group>";
		};
		A763434E1FD4C88500F0000F /* ImageWhisperUITests */ = {
			isa = PBXGroup;
			children = (
				A763434F1FD4C88500F0000F /* ImageWhisperUITests.swift */,
				A76343511FD4C88500F0000F /* Info.plist */,
			);
			path = ImageWhisperUITests;
			sourceTree = "<group>";
		};
/* End PBXGroup section */

/* Begin PBXNativeTarget section */
		A76343281FD4C88500F0000F /* ImageWhisper */ = {
			isa = PBXNativeTarget;
			buildConfigurationList = A76343541FD4C88500F0000F /* Build configuration list for PBXNativeTarget "ImageWhisper" */;
			buildPhases = (
				A76343251FD4C88500F0000F /* Sources */,
				A76343261FD4C88500F0000F /* Frameworks */,
				A76343271FD4C88500F0000F /* Resources */,
			);
			buildRules = (
			);
			dependencies = (
			);
			name = ImageWhisper;
			productName = ImageWhisper;
			productReference = A76343291FD4C88500F0000F /* ImageWhisper.app */;
			productType = "com.apple.product-type.application";
		};
		A763433F1FD4C88500F0000F /* ImageWhisperTests */ = {
			isa = PBXNativeTarget;
			buildConfigurationList = A76343571FD4C88500F0000F /* Build configuration list for PBXNativeTarget "ImageWhisperTests" */;
			buildPhases = (
				A763433C1FD4C88500F0000F /* Sources */,
				A763433D1FD4C88500F0000F /* Frameworks */,
				A763433E1FD4C88500F0000F /* Resources */,
			);
			buildRules = (
			);
			dependencies = (
				A76343421FD4C88500F0000F /* PBXTargetDependency */,
			);
			name = ImageWhisperTests;
			productName = ImageWhisperTests;
			productReference = A76343401FD4C88500F0000F /* ImageWhisperTests.xctest */;
			productType = "com.apple.product-type.bundle.unit-test";
		};
		A763434A1FD4C88500F0000F /* ImageWhisperUITests */ = {
			isa = PBXNativeTarget;
			buildConfigurationList = A763435A1FD4C88500F0000F /* Build configuration list for PBXNativeTarget "ImageWhisperUITests" */;
			buildPhases = (
				A76343471FD4C88500F0000F /* Sources */,
				A76343481FD4C88500F0000F /* Frameworks */,
				A76343491FD4C88500F0000F /* Resources */,
			);
			buildRules = (
			);
			dependencies = (
				A763434D1FD4C88500F0000F /* PBXTargetDependency */,
			);
			name = ImageWhisperUITests;
			productName = ImageWhisperUITests;
			productReference = A763434B1FD4C88500F0000F /* ImageWhisperUITests.xctest */;
			productType = "com.apple.product-type.bundle.ui-testing";
		};
/* End PBXNativeTarget section */

/* Begin PBXProject section */
		A76343211FD4C88500F0000F /* Project object */ = {
			isa = PBXProject;
			attributes = {
				LastSwiftUpdateCheck = 0920;
				LastUpgradeCheck = 0920;
				ORGANIZATIONNAME = "Nicholas J Diaz";
				TargetAttributes = {
					A76343281FD4C88500F0000F = {
						CreatedOnToolsVersion = 9.2;
						ProvisioningStyle = Automatic;
					};
					A763433F1FD4C88500F0000F = {
						CreatedOnToolsVersion = 9.2;
						ProvisioningStyle = Automatic;
						TestTargetID = A76343281FD4C88500F0000F;
					};
					A763434A1FD4C88500F0000F = {
						CreatedOnToolsVersion = 9.2;
						ProvisioningStyle = Automatic;
						TestTargetID = A76343281FD4C88500F0000F;
					};
				};
			};
			buildConfigurationList = A76343241FD4C88500F0000F /* Build configuration list for PBXProject "ImageWhisper" */;
			compatibilityVersion = "Xcode 8.0";
			developmentRegion = en;
			hasScannedForEncodings = 0;
			knownRegions = (
				en,
				Base,
			);
			mainGroup = A76343201FD4C88500F0000F;
			productRefGroup = A763432A1FD4C88500F0000F /* Products */;
			projectDirPath = "";
			projectRoot = "";
			targets = (
				A76343281FD4C88500F0000F /* ImageWhisper */,
				A763433F1FD4C88500F0000F /* ImageWhisperTests */,
				A763434A1FD4C88500F0000F /* ImageWhisperUITests */,
			);
		};
/* End PBXProject section */

/* Begin PBXResourcesBuildPhase section */
		A76343271FD4C88500F0000F /* Resources */ = {
			isa = PBXResourcesBuildPhase;
			buildActionMask = 2147483647;
			files = (
				A763433A1FD4C88500F0000F /* LaunchScreen.storyboard in Resources */,
				A76343371FD4C88500F0000F /* Assets.xcassets in Resources */,
				A76343321FD4C88500F0000F /* Main.storyboard in Resources */,
			);
			runOnlyForDeploymentPostprocessing = 0;
		};
		A763433E1FD4C88500F0000F /* Resources */ = {
			isa = PBXResourcesBuildPhase;
			buildActionMask = 2147483647;
			files = (
			);
			runOnlyForDeploymentPostprocessing = 0;
		};
		A76343491FD4C88500F0000F /* Resources */ = {
			isa = PBXResourcesBuildPhase;
			buildActionMask = 2147483647;
			files = (
			);
			runOnlyForDeploymentPostprocessing = 0;
		};
/* End PBXResourcesBuildPhase section */

/* Begin PBXSourcesBuildPhase section */
		A76343251FD4C88500F0000F /* Sources */ = {
			isa = PBXSourcesBuildPhase;
			buildActionMask = 2147483647;
			files = (
				A763432F1FD4C88500F0000F /* ViewController.swift in Sources */,
				A763432D1FD4C88500F0000F /* AppDelegate.swift in Sources */,
				A76343351FD4C88500F0000F /* ImageWhisper.xcdatamodeld in Sources */,
			);
			runOnlyForDeploymentPostprocessing = 0;
		};
		A763433C1FD4C88500F0000F /* Sources */ = {
			isa = PBXSourcesBuildPhase;
			buildActionMask = 2147483647;
			files = (
				A76343451FD4C88500F0000F /* ImageWhisperTests.swift in Sources */,
			);
			runOnlyForDeploymentPostprocessing = 0;
		};
		A76343471FD4C88500F0000F /* Sources */ = {
			isa = PBXSourcesBuildPhase;
			buildActionMask = 2147483647;
			files = (
				A76343501FD4C88500F0000F /* ImageWhisperUITests.swift in Sources */,
			);
			runOnlyForDeploymentPostprocessing = 0;
		};
/* End PBXSourcesBuildPhase section */

/* Begin PBXTargetDependency section */
		A76343421FD4C88500F0000F /* PBXTargetDependency */ = {
			isa = PBXTargetDependency;
			target = A76343281FD4C88500F0000F /* ImageWhisper */;
			targetProxy = A76343411FD4C88500F0000F /* PBXContainerItemProxy */;
		};
		A763434D1FD4C88500F0000F /* PBXTargetDependency */ = {
			isa = PBXTargetDependency;
			target = A76343281FD4C88500F0000F /* ImageWhisper */;
			targetProxy = A763434C1FD4C88500F0000F /* PBXContainerItemProxy */;
		};
/* End PBXTargetDependency section */

/* Begin PBXVariantGroup section */
		A76343301FD4C88500F0000F /* Main.storyboard */ = {
			isa = PBXVariantGroup;
			children = (
				A76343311FD4C88500F0000F /* Base */,
			);
			name = Main.storyboard;
			sourceTree = "<group>";
		};
		A76343381FD4C88500F0000F /* LaunchScreen.storyboard */ = {
			isa = PBXVariantGroup;
			children = (
				A76343391FD4C88500F0000F /* Base */,
			);
			name = LaunchScreen.storyboard;
			sourceTree = "<group>";
		};
/* End PBXVariantGroup section */

/* Begin XCBuildConfiguration section */
		A76343521FD4C88500F0000F /* Debug */ = {
			isa = XCBuildConfiguration;
			buildSettings = {
				ALWAYS_SEARCH_USER_PATHS = NO;
				CLANG_ANALYZER_NONNULL = YES;
				CLANG_ANALYZER_NUMBER_OBJECT_CONVERSION = YES_AGGRESSIVE;
				CLANG_CXX_LANGUAGE_STANDARD = "gnu++14";
				CLANG_CXX_LIBRARY = "libc++";
				CLANG_ENABLE_MODULES = YES;
				CLANG_ENABLE_OBJC_ARC = YES;
				CLANG_WARN_BLOCK_CAPTURE_AUTORELEASING = YES;
				CLANG_WARN_BOOL_CONVERSION = YES;
				CLANG_WARN_COMMA = YES;
				CLANG_WARN_CONSTANT_CONVERSION = YES;
				CLANG_WARN_DIRECT_OBJC_ISA_USAGE = YES_ERROR;
				CLANG_WARN_DOCUMENTATION_COMMENTS = YES;
				CLANG_WARN_EMPTY_BODY = YES;
				CLANG_WARN_ENUM_CONVERSION = YES;
				CLANG_WARN_INFINITE_RECURSION = YES;
				CLANG_WARN_INT_CONVERSION = YES;
				CLANG_WARN_NON_LITERAL_NULL_CONVERSION = YES;
				CLANG_WARN_OBJC_LITERAL_CONVERSION = YES;
				CLANG_WARN_OBJC_ROOT_CLASS = YES_ERROR;
				CLANG_WARN_RANGE_LOOP_ANALYSIS = YES;
				CLANG_WARN_STRICT_PROTOTYPES = YES;
				CLANG_WARN_SUSPICIOUS_MOVE = YES;
				CLANG_WARN_UNGUARDED_AVAILABILITY = YES_AGGRESSIVE;
				CLANG_WARN_UNREACHABLE_CODE = YES;
				CLANG_WARN__DUPLICATE_METHOD_MATCH = YES;
				CODE_SIGN_IDENTITY = "iPhone Developer";
				COPY_PHASE_STRIP = NO;
				DEBUG_INFORMATION_FORMAT = dwarf;
				ENABLE_STRICT_OBJC_MSGSEND = YES;
				ENABLE_TESTABILITY = YES;
				GCC_C_LANGUAGE_STANDARD = gnu11;
				GCC_DYNAMIC_NO_PIC = NO;
				GCC_NO_COMMON_BLOCKS = YES;
				GCC_OPTIMIZATION_LEVEL = 0;
				GCC_PREPROCESSOR_DEFINITIONS = (
					"DEBUG=1",
					"$(inherited)",
				);
				GCC_WARN_64_TO_32_BIT_CONVERSION = YES;
				GCC_WARN_ABOUT_RETURN_TYPE = YES_ERROR;
				GCC_WARN_UNDECLARED_SELECTOR = YES;
				GCC_WARN_UNINITIALIZED_AUTOS = YES_AGGRESSIVE;
				GCC_WARN_UNUSED_FUNCTION = YES;
				GCC_WARN_UNUSED_VARIABLE = YES;
				IPHONEOS_DEPLOYMENT_TARGET = 11.2;
				MTL_ENABLE_DEBUG_INFO = YES;
				ONLY_ACTIVE_ARCH = YES;
				SDKROOT = iphoneos;
				SWIFT_ACTIVE_COMPILATION_CONDITIONS = DEBUG;
				SWIFT_OPTIMIZATION_LEVEL = "-Onone";
			};
			name = Debug;
		};
		A76343531FD4C88500F0000F /* Release */ = {
			isa = XCBuildConfiguration;
			buildSettings = {
				ALWAYS_SEARCH_USER_PATHS = NO;
				CLANG_ANALYZER_NONNULL = YES;
				CLANG_ANALYZER_NUMBER_OBJECT_CONVERSION = YES_AGGRESSIVE;
				CLANG_CXX_LANGUAGE_STANDARD = "gnu++14";
				CLANG_CXX_LIBRARY = "libc++";
				CLANG_ENABLE_MODULES = YES;
				CLANG_ENABLE_OBJC_ARC = YES;
				CLANG_WARN_BLOCK_CAPTURE_AUTORELEASING = YES;
				CLANG_WARN_BOOL_CONVERSION = YES;
				CLANG_WARN_COMMA = YES;
				CLANG_WARN_CONSTANT_CONVERSION = YES;
				CLANG_WARN_DIRECT_OBJC_ISA_USAGE = YES_ERROR;
				CLANG_WARN_DOCUMENTATION_COMMENTS = YES;
				CLANG_WARN_EMPTY_BODY = YES;
				CLANG_WARN_ENUM_CONVERSION = YES;
				CLANG_WARN_INFINITE_RECURSION = YES;
				CLANG_WARN_INT_CONVERSION = YES;
				CLANG_WARN_NON_LITERAL_NULL_CONVERSION = YES;
				CLANG_WARN_OBJC_LITERAL_CONVERSION = YES;
				CLANG_WARN_OBJC_ROOT_CLASS = YES_ERROR;
				CLANG_WARN_RANGE_LOOP_ANALYSIS = YES;
				CLANG_WARN_STRICT_PROTOTYPES = YES;
				CLANG_WARN_SUSPICIOUS_MOVE = YES;
				CLANG_WARN_UNGUARDED_AVAILABILITY = YES_AGGRESSIVE;
				CLANG_WARN_UNREACHABLE_CODE = YES;
				CLANG_WARN__DUPLICATE_METHOD_MATCH = YES;
				CODE_SIGN_IDENTITY = "iPhone Developer";
				COPY_PHASE_STRIP = NO;
				DEBUG_INFORMATION_FORMAT = "dwarf-with-dsym";
				ENABLE_NS_ASSERTIONS = NO;
				ENABLE_STRICT_OBJC_MSGSEND = YES;
				GCC_C_LANGUAGE_STANDARD = gnu11;
				GCC_NO_COMMON_BLOCKS = YES;
				GCC_WARN_64_TO_32_BIT_CONVERSION = YES;
				GCC_WARN_ABOUT_RETURN_TYPE = YES_ERROR;
				GCC_WARN_UNDECLARED_SELECTOR = YES;
				GCC_WARN_UNINITIALIZED_AUTOS = YES_AGGRESSIVE;
				GCC_WARN_UNUSED_FUNCTION = YES;
				GCC_WARN_UNUSED_VARIABLE = YES;
				IPHONEOS_DEPLOYMENT_TARGET = 11.2;
				MTL_ENABLE_DEBUG_INFO = NO;
				SDKROOT = iphoneos;
				SWIFT_OPTIMIZATION_LEVEL = "-Owholemodule";
				VALIDATE_PRODUCT = YES;
			};
			name = Release;
		};
		A76343551FD4C88500F0000F /* Debug */ = {
			isa = XCBuildConfiguration;
			buildSettings = {
				ASSETCATALOG_COMPILER_APPICON_NAME = AppIcon;
				CODE_SIGN_STYLE = Automatic;
				INFOPLIST_FILE = ImageWhisper/Info.plist;
				LD_RUNPATH_SEARCH_PATHS = "$(inherited) @executable_path/Frameworks";
				PRODUCT_BUNDLE_IDENTIFIER = com.wuno.ImageWhisper;
				PRODUCT_NAME = "$(TARGET_NAME)";
				SWIFT_VERSION = 4.0;
				TARGETED_DEVICE_FAMILY = "1,2";
			};
			name = Debug;
		};
		A76343561FD4C88500F0000F /* Release */ = {
			isa = XCBuildConfiguration;
			buildSettings = {
				ASSETCATALOG_COMPILER_APPICON_NAME = AppIcon;
				CODE_SIGN_STYLE = Automatic;
				INFOPLIST_FILE = ImageWhisper/Info.plist;
				LD_RUNPATH_SEARCH_PATHS = "$(inherited) @executable_path/Frameworks";
				PRODUCT_BUNDLE_IDENTIFIER = com.wuno.ImageWhisper;
				PRODUCT_NAME = "$(TARGET_NAME)";
				SWIFT_VERSION = 4.0;
				TARGETED_DEVICE_FAMILY = "1,2";
			};
			name = Release;
		};
		A76343581FD4C88500F0000F /* Debug */ = {
			isa = XCBuildConfiguration;
			buildSettings = {
				ALWAYS_EMBED_SWIFT_STANDARD_LIBRARIES = YES;
				BUNDLE_LOADER = "$(TEST_HOST)";
				CODE_SIGN_STYLE = Automatic;
				INFOPLIST_FILE = ImageWhisperTests/Info.plist;
				LD_RUNPATH_SEARCH_PATHS = "$(inherited) @executable_path/Frameworks @loader_path/Frameworks";
				PRODUCT_BUNDLE_IDENTIFIER = com.wuno.ImageWhisperTests;
				PRODUCT_NAME = "$(TARGET_NAME)";
				SWIFT_VERSION = 4.0;
				TARGETED_DEVICE_FAMILY = "1,2";
				TEST_HOST = "$(BUILT_PRODUCTS_DIR)/ImageWhisper.app/ImageWhisper";
			};
			name = Debug;
		};
		A76343591FD4C88500F0000F /* Release */ = {
			isa = XCBuildConfiguration;
			buildSettings = {
				ALWAYS_EMBED_SWIFT_STANDARD_LIBRARIES = YES;
				BUNDLE_LOADER = "$(TEST_HOST)";
				CODE_SIGN_STYLE = Automatic;
				INFOPLIST_FILE = ImageWhisperTests/Info.plist;
				LD_RUNPATH_SEARCH_PATHS = "$(inherited) @executable_path/Frameworks @loader_path/Frameworks";
				PRODUCT_BUNDLE_IDENTIFIER = com.wuno.ImageWhisperTests;
				PRODUCT_NAME = "$(TARGET_NAME)";
				SWIFT_VERSION = 4.0;
				TARGETED_DEVICE_FAMILY = "1,2";
				TEST_HOST = "$(BUILT_PRODUCTS_DIR)/ImageWhisper.app/ImageWhisper";
			};
			name = Release;
		};
		A763435B1FD4C88500F0000F /* Debug */ = {
			isa = XCBuildConfiguration;
			buildSettings = {
				ALWAYS_EMBED_SWIFT_STANDARD_LIBRARIES = YES;
				CODE_SIGN_STYLE = Automatic;
				INFOPLIST_FILE = ImageWhisperUITests/Info.plist;
				LD_RUNPATH_SEARCH_PATHS = "$(inherited) @executable_path/Frameworks @loader_path/Frameworks";
				PRODUCT_BUNDLE_IDENTIFIER = com.wuno.ImageWhisperUITests;
				PRODUCT_NAME = "$(TARGET_NAME)";
				SWIFT_VERSION = 4.0;
				TARGETED_DEVICE_FAMILY = "1,2";
				TEST_TARGET_NAME = ImageWhisper;
			};
			name = Debug;
		};
		A763435C1FD4C88500F0000F /* Release */ = {
			isa = XCBuildConfiguration;
			buildSettings = {
				ALWAYS_EMBED_SWIFT_STANDARD_LIBRARIES = YES;
				CODE_SIGN_STYLE = Automatic;
				INFOPLIST_FILE = ImageWhisperUITests/Info.plist;
				LD_RUNPATH_SEARCH_PATHS = "$(inherited) @executable_path/Frameworks @loader_path/Frameworks";
				PRODUCT_BUNDLE_IDENTIFIER = com.wuno.ImageWhisperUITests;
				PRODUCT_NAME = "$(TARGET_NAME)";
				SWIFT_VERSION = 4.0;
				TARGETED_DEVICE_FAMILY = "1,2";
				TEST_TARGET_NAME = ImageWhisper;
			};
			name = Release;
		};
/* End XCBuildConfiguration section */

/* Begin XCConfigurationList section */
		A76343241FD4C88500F0000F /* Build configuration list for PBXProject "ImageWhisper" */ = {
			isa = XCConfigurationList;
			buildConfigurations = (
				A76343521FD4C88500F0000F /* Debug */,
				A76343531FD4C88500F0000F /* Release */,
			);
			defaultConfigurationIsVisible = 0;
			defaultConfigurationName = Release;
		};
		A76343541FD4C88500F0000F /* Build configuration list for PBXNativeTarget "ImageWhisper" */ = {
			isa = XCConfigurationList;
			buildConfigurations = (
				A76343551FD4C88500F0000F /* Debug */,
				A76343561FD4C88500F0000F /* Release */,
			);
			defaultConfigurationIsVisible = 0;
			defaultConfigurationName = Release;
		};
		A76343571FD4C88500F0000F /* Build configuration list for PBXNativeTarget "ImageWhisperTests" */ = {
			isa = XCConfigurationList;
			buildConfigurations = (
				A76343581FD4C88500F0000F /* Debug */,
				A76343591FD4C88500F0000F /* Release */,
			);
			defaultConfigurationIsVisible = 0;
			defaultConfigurationName = Release;
		};
		A763435A1FD4C88500F0000F /* Build configuration list for PBXNativeTarget "ImageWhisperUITests" */ = {
			isa = XCConfigurationList;
			buildConfigurations = (
				A763435B1FD4C88500F0000F /* Debug */,
				A763435C1FD4C88500F0000F /* Release */,
			);
			defaultConfigurationIsVisible = 0;
			defaultConfigurationName = Release;
		};
/* End XCConfigurationList section */

/* Begin XCVersionGroup section */
		A76343331FD4C88500F0000F /* ImageWhisper.xcdatamodeld */ = {
			isa = XCVersionGroup;
			children = (
				A76343341FD4C88500F0000F /* ImageWhisper.xcdatamodel */,
			);
			currentVersion = A76343341FD4C88500F0000F /* ImageWhisper.xcdatamodel */;
			path = ImageWhisper.xcdatamodeld;
			sourceTree = "<group>";
			versionGroupType = wrapper.xcdatamodel;
		};
/* End XCVersionGroup section */
	};
	rootObject = A76343211FD4C88500F0000F /* Project object */;
}
